{
  "originHash" : "f33942c691a37eabee111b7ec3454c379934a4d7e7e0f4760d7f605dedd621d2",
  "pins" : [
    {
      "identity" : "feather-mail",
      "kind" : "remoteSourceControl",
      "location" : "https://github.com/feather-framework/feather-mail",
      "state" : {
        "revision" : "ce27ad2ed6c31c37c9eeeda6b5192f55b0bf4694",
        "version" : "1.0.0-beta.2"
      }
    }
  ],
  "version" : 3
}
