{
  "originHash" : "87da82a91121685c3f1deba5d8a2f903983e10e3875dc13a629b256c13b6def7",
  "pins" : [
    {
      "identity" : "feather-mail",
      "kind" : "remoteSourceControl",
      "location" : "https://github.com/feather-framework/feather-mail",
      "state" : {
        "revision" : "4d6b927046be6c01147442b7a10135f20878fcc7",
        "version" : "1.0.0-beta.1"
      }
    }
  ],
  "version" : 3
}
